{
  "name": "pol-ethglobal-ny26",
  "version": "0.1.0",
  "lockfileVersion": 3,
  "requires": true,
  "packages": {
    "": {
      "name": "pol-ethglobal-ny26",
      "version": "0.1.0",
      "license": "Apache-2.0",
      "dependencies": {
        "shamirs-secret-sharing": "^2.0.1"
      },
      "engines": {
        "node": ">=20"
      }
    },
    "node_modules/shamirs-secret-sharing": {
      "version": "2.0.1",
      "resolved": "https://registry.npmjs.org/shamirs-secret-sharing/-/shamirs-secret-sharing-2.0.1.tgz",
      "integrity": "sha512-gB2iE9Wb7BXfO+ExUU+i7/fdjOK7h4+Mtp9ZGRjmdGSeUq3czN+f/gX2KsKJdebXwG09D3SCRH0aqHmEuR2P6A==",
      "license": "MIT"
    }
  }
}
